Microsoft Visual Studio Solution File, Format Version 12.00
# Visual Studio Version 17
VisualStudioVersion = 17.5.2.0
MinimumVisualStudioVersion = 10.0.40219.1
Project("{FAE04EC0-301F-11D3-BF4B-00C04F79EFBC}") = "GradeBookAPITests", "GradeBookAPITests.csproj", "{79CE4C3E-43E1-8D59-F862-FCE11507652C}"
EndProject
Global
	GlobalSection(SolutionConfigurationPlatforms) = preSolution
		Debug|Any CPU = Debug|Any CPU
		Release|Any CPU = Release|Any CPU
	EndGlobalSection
	GlobalSection(ProjectConfigurationPlatforms) = postSolution
		{79CE4C3E-43E1-8D59-F862-FCE11507652C}.Debug|Any CPU.ActiveCfg = Debug|Any CPU
		{79CE4C3E-43E1-8D59-F862-FCE11507652C}.Debug|Any CPU.Build.0 = Debug|Any CPU
		{79CE4C3E-43E1-8D59-F862-FCE11507652C}.Release|Any CPU.ActiveCfg = Release|Any CPU
		{79CE4C3E-43E1-8D59-F862-FCE11507652C}.Release|Any CPU.Build.0 = Release|Any CPU
	EndGlobalSection
	GlobalSection(SolutionProperties) = preSolution
		HideSolutionNode = FALSE
	EndGlobalSection
	GlobalSection(ExtensibilityGlobals) = postSolution
		SolutionGuid = {09B87725-B779-477B-8264-65450E8764CD}
	EndGlobalSection
EndGlobal
